
Microsoft Visual Studio Solution File, Format Version 12.00
# Visual Studio Version 17
VisualStudioVersion = 17.14.36202.13 d17.14
MinimumVisualStudioVersion = 10.0.40219.1
Project("{FAE04EC0-301F-11D3-BF4B-00C04F79EFBC}") = "WPFToDoList", "WPFToDoList\WPFToDoList.csproj", "{77196C40-6F3A-4E69-A709-93D70F8D2052}"
EndProject
Global
	GlobalSection(SolutionConfigurationPlatforms) = preSolution
		Debug|Any CPU = Debug|Any CPU
		Release|Any CPU = Release|Any CPU
	EndGlobalSection
	GlobalSection(ProjectConfigurationPlatforms) = postSolution
		{77196C40-6F3A-4E69-A709-93D70F8D2052}.Debug|Any CPU.ActiveCfg = Debug|Any CPU
		{77196C40-6F3A-4E69-A709-93D70F8D2052}.Debug|Any CPU.Build.0 = Debug|Any CPU
		{77196C40-6F3A-4E69-A709-93D70F8D2052}.Release|Any CPU.ActiveCfg = Release|Any CPU
		{77196C40-6F3A-4E69-A709-93D70F8D2052}.Release|Any CPU.Build.0 = Release|Any CPU
	EndGlobalSection
	GlobalSection(SolutionProperties) = preSolution
		HideSolutionNode = FALSE
	EndGlobalSection
	GlobalSection(ExtensibilityGlobals) = postSolution
		SolutionGuid = {7FD4184D-35FC-4714-9610-F21FDF9D8B16}
	EndGlobalSection
EndGlobal
